// !$*UTF8*$!
{
	archiveVersion = 1;
	classes = {
	};
	objectVersion = 46;
	objects = {

/* Begin PBXBuildFile section */
		6E9CA3B71D0CE8AF00F944E7 /* AppDelegate.swift in Sources */ = {isa = PBXBuildFile; fileRef = 6E9CA3B61D0CE8AF00F944E7 /* AppDelegate.swift */; };
		6E9CA3B91D0CE8AF00F944E7 /* ViewController.swift in Sources */ = {isa = PBXBuildFile; fileRef = 6E9CA3B81D0CE8AF00F944E7 /* ViewController.swift */; };
		6E9CA3BC1D0CE8AF00F944E7 /* Main.storyboard in Resources */ = {isa = PBXBuildFile; fileRef = 6E9CA3BA1D0CE8AF00F944E7 /* Main.storyboard */; };
		6E9CA3BE1D0CE8AF00F944E7 /* Assets.xcassets in Resources */ = {isa = PBXBuildFile; fileRef = 6E9CA3BD1D0CE8AF00F944E7 /* Assets.xcassets */; };
		6E9CA3C11D0CE8AF00F944E7 /* LaunchScreen.storyboard in Resources */ = {isa = PBXBuildFile; fileRef = 6E9CA3BF1D0CE8AF00F944E7 /* LaunchScreen.storyboard */; };
		6E9CA3CC1D0CE8AF00F944E7 /* playAnimationTests.swift in Sources */ = {isa = PBXBuildFile; fileRef = 6E9CA3CB1D0CE8AF00F944E7 /* playAnimationTests.swift */; };
		6E9CA3D71D0CE8AF00F944E7 /* playAnimationUITests.swift in Sources */ = {isa = PBXBuildFile; fileRef = 6E9CA3D61D0CE8AF00F944E7 /* playAnimationUITests.swift */; };
/* End PBXBuildFile section */

/* Begin PBXContainerItemProxy section */
		6E9CA3C81D0CE8AF00F944E7 /* PBXContainerItemProxy */ = {
			isa = PBXContainerItemProxy;
			containerPortal = 6E9CA3AB1D0CE8AF00F944E7 /* Project object */;
			proxyType = 1;
			remoteGlobalIDString = 6E9CA3B21D0CE8AF00F944E7;
			remoteInfo = playAnimation;
		};
		6E9CA3D31D0CE8AF00F944E7 /* PBXContainerItemProxy */ = {
			isa = PBXContainerItemProxy;
			containerPortal = 6E9CA3AB1D0CE8AF00F944E7 /* Project object */;
			proxyType = 1;
			remoteGlobalIDString = 6E9CA3B21D0CE8AF00F944E7;
			remoteInfo = playAnimation;
		};
/* End PBXContainerItemProxy section */

/* Begin PBXFileReference section */
		6E9CA3B31D0CE8AF00F944E7 /* playAnimation.app */ = {isa = PBXFileReference; explicitFileType = wrapper.application; includeInIndex = 0; path = playAnimation.app; sourceTree = BUILT_PRODUCTS_DIR; };
		6E9CA3B61D0CE8AF00F944E7 /* AppDelegate.swift */ = {isa = PBXFileReference; lastKnownFileType = sourcecode.swift; path = AppDelegate.swift; sourceTree = "<group>"; };
		6E9CA3B81D0CE8AF00F944E7 /* ViewController.swift */ = {isa = PBXFileReference; lastKnownFileType = sourcecode.swift; path = ViewController.swift; sourceTree = "<group>"; };
		6E9CA3BB1D0CE8AF00F944E7 /* Base */ = {isa = PBXFileReference; lastKnownFileType = file.storyboard; name = Base; path = Base.lproj/Main.storyboard; sourceTree = "<group>"; };
		6E9CA3BD1D0CE8AF00F944E7 /* Assets.xcassets */ = {isa = PBXFileReference; lastKnownFileType = folder.assetcatalog; path = Assets.xcassets; sourceTree = "<group>"; };
		6E9CA3C01D0CE8AF00F944E7 /* Base */ = {isa = PBXFileReference; lastKnownFileType = file.storyboard; name = Base; path = Base.lproj/LaunchScreen.storyboard; sourceTree = "<group>"; };
		6E9CA3C21D0CE8AF00F944E7 /* Info.plist */ = {isa = PBXFileReference; lastKnownFileType = text.plist.xml; path = Info.plist; sourceTree = "<group>"; };
		6E9CA3C71D0CE8AF00F944E7 /* playAnimationTests.xctest */ = {isa = PBXFileReference; explicitFileType = wrapper.cfbundle; includeInIndex = 0; path = playAnimationTests.xctest; sourceTree = BUILT_PRODUCTS_DIR; };
		6E9CA3CB1D0CE8AF00F944E7 /* playAnimationTests.swift */ = {isa = PBXFileReference; lastKnownFileType = sourcecode.swift; path = playAnimationTests.swift; sourceTree = "<group>"; };
		6E9CA3CD1D0CE8AF00F944E7 /* Info.plist */ = {isa = PBXFileReference; lastKnownFileType = text.plist.xml; path = Info.plist; sourceTree = "<group>"; };
		6E9CA3D21D0CE8AF00F944E7 /* playAnimationUITests.xctest */ = {isa = PBXFileReference; explicitFileType = wrapper.cfbundle; includeInIndex = 0; path = playAnimationUITests.xctest; sourceTree = BUILT_PRODUCTS_DIR; };
		6E9CA3D61D0CE8AF00F944E7 /* playAnimationUITests.swift */ = {isa = PBXFileReference; lastKnownFileType = sourcecode.swift; path = playAnimationUITests.swift; sourceTree = "<group>"; };
		6E9CA3D81D0CE8AF00F944E7 /* Info.plist */ = {isa = PBXFileReference; lastKnownFileType = text.plist.xml; path = Info.plist; sourceTree = "<group>"; };
/* End PBXFileReference section */

/* Begin PBXFrameworksBuildPhase section */
		6E9CA3B01D0CE8AF00F944E7 /* Frameworks */ = {
			isa = PBXFrameworksBuildPhase;
			buildActionMask = 2147483647;
			files = (
			);
			runOnlyForDeploymentPostprocessing = 0;
		};
		6E9CA3C41D0CE8AF00F944E7 /* Frameworks */ = {
			isa = PBXFrameworksBuildPhase;
			buildActionMask = 2147483647;
			files = (
			);
			runOnlyForDeploymentPostprocessing = 0;
		};
		6E9CA3CF1D0CE8AF00F944E7 /* Frameworks */ = {
			isa = PBXFrameworksBuildPhase;
			buildActionMask = 2147483647;
			files = (
			);
			runOnlyForDeploymentPostprocessing = 0;
		};
/* End PBXFrameworksBuildPhase section */

/* Begin PBXGroup section */
		6E9CA3AA1D0CE8AF00F944E7 = {
			isa = PBXGroup;
			children = (
				6E9CA3B51D0CE8AF00F944E7 /* playAnimation */,
				6E9CA3CA1D0CE8AF00F944E7 /* playAnimationTests */,
				6E9CA3D51D0CE8AF00F944E7 /* playAnimationUITests */,
				6E9CA3B41D0CE8AF00F944E7 /* Products */,
			);
			sourceTree = "<group>";
		};
		6E9CA3B41D0CE8AF00F944E7 /* Products */ = {
			isa = PBXGroup;
			children = (
				6E9CA3B31D0CE8AF00F944E7 /* playAnimation.app */,
				6E9CA3C71D0CE8AF00F944E7 /* playAnimationTests.xctest */,
				6E9CA3D21D0CE8AF00F944E7 /* playAnimationUITests.xctest */,
			);
			name = Products;
			sourceTree = "<group>";
		};
		6E9CA3B51D0CE8AF00F944E7 /* playAnimation */ = {
			isa = PBXGroup;
			children = (
				6E9CA3B61D0CE8AF00F944E7 /* AppDelegate.swift */,
				6E9CA3B81D0CE8AF00F944E7 /* ViewController.swift */,
				6E9CA3BA1D0CE8AF00F944E7 /* Main.storyboard */,
				6E9CA3BD1D0CE8AF00F944E7 /* Assets.xcassets */,
				6E9CA3BF1D0CE8AF00F944E7 /* LaunchScreen.storyboard */,
				6E9CA3C21D0CE8AF00F944E7 /* Info.plist */,
			);
			path = playAnimation;
			sourceTree = "<group>";
		};
		6E9CA3CA1D0CE8AF00F944E7 /* playAnimationTests */ = {
			isa = PBXGroup;
			children = (
				6E9CA3CB1D0CE8AF00F944E7 /* playAnimationTests.swift */,
				6E9CA3CD1D0CE8AF00F944E7 /* Info.plist */,
			);
			path = playAnimationTests;
			sourceTree = "<group>";
		};
		6E9CA3D51D0CE8AF00F944E7 /* playAnimationUITests */ = {
			isa = PBXGroup;
			children = (
				6E9CA3D61D0CE8AF00F944E7 /* playAnimationUITests.swift */,
				6E9CA3D81D0CE8AF00F944E7 /* Info.plist */,
			);
			path = playAnimationUITests;
			sourceTree = "<group>";
		};
/* End PBXGroup section */

/* Begin PBXNativeTarget section */
		6E9CA3B21D0CE8AF00F944E7 /* playAnimation */ = {
			isa = PBXNativeTarget;
			buildConfigurationList = 6E9CA3DB1D0CE8AF00F944E7 /* Build configuration list for PBXNativeTarget "playAnimation" */;
			buildPhases = (
				6E9CA3AF1D0CE8AF00F944E7 /* Sources */,
				6E9CA3B01D0CE8AF00F944E7 /* Frameworks */,
				6E9CA3B11D0CE8AF00F944E7 /* Resources */,
			);
			buildRules = (
			);
			dependencies = (
			);
			name = playAnimation;
			productName = playAnimation;
			productReference = 6E9CA3B31D0CE8AF00F944E7 /* playAnimation.app */;
			productType = "com.apple.product-type.application";
		};
		6E9CA3C61D0CE8AF00F944E7 /* playAnimationTests */ = {
			isa = PBXNativeTarget;
			buildConfigurationList = 6E9CA3DE1D0CE8AF00F944E7 /* Build configuration list for PBXNativeTarget "playAnimationTests" */;
			buildPhases = (
				6E9CA3C31D0CE8AF00F944E7 /* Sources */,
				6E9CA3C41D0CE8AF00F944E7 /* Frameworks */,
				6E9CA3C51D0CE8AF00F944E7 /* Resources */,
			);
			buildRules = (
			);
			dependencies = (
				6E9CA3C91D0CE8AF00F944E7 /* PBXTargetDependency */,
			);
			name = playAnimationTests;
			productName = playAnimationTests;
			productReference = 6E9CA3C71D0CE8AF00F944E7 /* playAnimationTests.xctest */;
			productType = "com.apple.product-type.bundle.unit-test";
		};
		6E9CA3D11D0CE8AF00F944E7 /* playAnimationUITests */ = {
			isa = PBXNativeTarget;
			buildConfigurationList = 6E9CA3E11D0CE8AF00F944E7 /* Build configuration list for PBXNativeTarget "playAnimationUITests" */;
			buildPhases = (
				6E9CA3CE1D0CE8AF00F944E7 /* Sources */,
				6E9CA3CF1D0CE8AF00F944E7 /* Frameworks */,
				6E9CA3D01D0CE8AF00F944E7 /* Resources */,
			);
			buildRules = (
			);
			dependencies = (
				6E9CA3D41D0CE8AF00F944E7 /* PBXTargetDependency */,
			);
			name = playAnimationUITests;
			productName = playAnimationUITests;
			productReference = 6E9CA3D21D0CE8AF00F944E7 /* playAnimationUITests.xctest */;
			productType = "com.apple.product-type.bundle.ui-testing";
		};
/* End PBXNativeTarget section */

/* Begin PBXProject section */
		6E9CA3AB1D0CE8AF00F944E7 /* Project object */ = {
			isa = PBXProject;
			attributes = {
				LastSwiftUpdateCheck = 0730;
				LastUpgradeCheck = 0730;
				ORGANIZATIONNAME = MSMedia;
				TargetAttributes = {
					6E9CA3B21D0CE8AF00F944E7 = {
						CreatedOnToolsVersion = 7.3.1;
					};
					6E9CA3C61D0CE8AF00F944E7 = {
						CreatedOnToolsVersion = 7.3.1;
						TestTargetID = 6E9CA3B21D0CE8AF00F944E7;
					};
					6E9CA3D11D0CE8AF00F944E7 = {
						CreatedOnToolsVersion = 7.3.1;
						TestTargetID = 6E9CA3B21D0CE8AF00F944E7;
					};
				};
			};
			buildConfigurationList = 6E9CA3AE1D0CE8AF00F944E7 /* Build configuration list for PBXProject "playAnimation" */;
			compatibilityVersion = "Xcode 3.2";
			developmentRegion = English;
			hasScannedForEncodings = 0;
			knownRegions = (
				en,
				Base,
			);
			mainGroup = 6E9CA3AA1D0CE8AF00F944E7;
			productRefGroup = 6E9CA3B41D0CE8AF00F944E7 /* Products */;
			projectDirPath = "";
			projectRoot = "";
			targets = (
				6E9CA3B21D0CE8AF00F944E7 /* playAnimation */,
				6E9CA3C61D0CE8AF00F944E7 /* playAnimationTests */,
				6E9CA3D11D0CE8AF00F944E7 /* playAnimationUITests */,
			);
		};
/* End PBXProject section */

/* Begin PBXResourcesBuildPhase section */
		6E9CA3B11D0CE8AF00F944E7 /* Resources */ = {
			isa = PBXResourcesBuildPhase;
			buildActionMask = 2147483647;
			files = (
				6E9CA3C11D0CE8AF00F944E7 /* LaunchScreen.storyboard in Resources */,
				6E9CA3BE1D0CE8AF00F944E7 /* Assets.xcassets in Resources */,
				6E9CA3BC1D0CE8AF00F944E7 /* Main.storyboard in Resources */,
			);
			runOnlyForDeploymentPostprocessing = 0;
		};
		6E9CA3C51D0CE8AF00F944E7 /* Resources */ = {
			isa = PBXResourcesBuildPhase;
			buildActionMask = 2147483647;
			files = (
			);
			runOnlyForDeploymentPostprocessing = 0;
		};
		6E9CA3D01D0CE8AF00F944E7 /* Resources */ = {
			isa = PBXResourcesBuildPhase;
			buildActionMask = 2147483647;
			files = (
			);
			runOnlyForDeploymentPostprocessing = 0;
		};
/* End PBXResourcesBuildPhase section */

/* Begin PBXSourcesBuildPhase section */
		6E9CA3AF1D0CE8AF00F944E7 /* Sources */ = {
			isa = PBXSourcesBuildPhase;
			buildActionMask = 2147483647;
			files = (
				6E9CA3B91D0CE8AF00F944E7 /* ViewController.swift in Sources */,
				6E9CA3B71D0CE8AF00F944E7 /* AppDelegate.swift in Sources */,
			);
			runOnlyForDeploymentPostprocessing = 0;
		};
		6E9CA3C31D0CE8AF00F944E7 /* Sources */ = {
			isa = PBXSourcesBuildPhase;
			buildActionMask = 2147483647;
			files = (
				6E9CA3CC1D0CE8AF00F944E7 /* playAnimationTests.swift in Sources */,
			);
			runOnlyForDeploymentPostprocessing = 0;
		};
		6E9CA3CE1D0CE8AF00F944E7 /* Sources */ = {
			isa = PBXSourcesBuildPhase;
			buildActionMask = 2147483647;
			files = (
				6E9CA3D71D0CE8AF00F944E7 /* playAnimationUITests.swift in Sources */,
			);
			runOnlyForDeploymentPostprocessing = 0;
		};
/* End PBXSourcesBuildPhase section */

/* Begin PBXTargetDependency section */
		6E9CA3C91D0CE8AF00F944E7 /* PBXTargetDependency */ = {
			isa = PBXTargetDependency;
			target = 6E9CA3B21D0CE8AF00F944E7 /* playAnimation */;
			targetProxy = 6E9CA3C81D0CE8AF00F944E7 /* PBXContainerItemProxy */;
		};
		6E9CA3D41D0CE8AF00F944E7 /* PBXTargetDependency */ = {
			isa = PBXTargetDependency;
			target = 6E9CA3B21D0CE8AF00F944E7 /* playAnimation */;
			targetProxy = 6E9CA3D31D0CE8AF00F944E7 /* PBXContainerItemProxy */;
		};
/* End PBXTargetDependency section */

/* Begin PBXVariantGroup section */
		6E9CA3BA1D0CE8AF00F944E7 /* Main.storyboard */ = {
			isa = PBXVariantGroup;
			children = (
				6E9CA3BB1D0CE8AF00F944E7 /* Base */,
			);
			name = Main.storyboard;
			sourceTree = "<group>";
		};
		6E9CA3BF1D0CE8AF00F944E7 /* LaunchScreen.storyboard */ = {
			isa = PBXVariantGroup;
			children = (
				6E9CA3C01D0CE8AF00F944E7 /* Base */,
			);
			name = LaunchScreen.storyboard;
			sourceTree = "<group>";
		};
/* End PBXVariantGroup section */

/* Begin XCBuildConfiguration section */
		6E9CA3D91D0CE8AF00F944E7 /* Debug */ = {
			isa = XCBuildConfiguration;
			buildSettings = {
				ALWAYS_SEARCH_USER_PATHS = NO;
				CLANG_ANALYZER_NONNULL = YES;
				CLANG_CXX_LANGUAGE_STANDARD = "gnu++0x";
				CLANG_CXX_LIBRARY = "libc++";
				CLANG_ENABLE_MODULES = YES;
				CLANG_ENABLE_OBJC_ARC = YES;
				CLANG_WARN_BOOL_CONVERSION = YES;
				CLANG_WARN_CONSTANT_CONVERSION = YES;
				CLANG_WARN_DIRECT_OBJC_ISA_USAGE = YES_ERROR;
				CLANG_WARN_EMPTY_BODY = YES;
				CLANG_WARN_ENUM_CONVERSION = YES;
				CLANG_WARN_INT_CONVERSION = YES;
				CLANG_WARN_OBJC_ROOT_CLASS = YES_ERROR;
				CLANG_WARN_UNREACHABLE_CODE = YES;
				CLANG_WARN__DUPLICATE_METHOD_MATCH = YES;
				"CODE_SIGN_IDENTITY[sdk=iphoneos*]" = "iPhone Developer";
				COPY_PHASE_STRIP = NO;
				DEBUG_INFORMATION_FORMAT = dwarf;
				ENABLE_STRICT_OBJC_MSGSEND = YES;
				ENABLE_TESTABILITY = YES;
				GCC_C_LANGUAGE_STANDARD = gnu99;
				GCC_DYNAMIC_NO_PIC = NO;
				GCC_NO_COMMON_BLOCKS = YES;
				GCC_OPTIMIZATION_LEVEL = 0;
				GCC_PREPROCESSOR_DEFINITIONS = (
					"DEBUG=1",
					"$(inherited)",
				);
				GCC_WARN_64_TO_32_BIT_CONVERSION = YES;
				GCC_WARN_ABOUT_RETURN_TYPE = YES_ERROR;
				GCC_WARN_UNDECLARED_SELECTOR = YES;
				GCC_WARN_UNINITIALIZED_AUTOS = YES_AGGRESSIVE;
				GCC_WARN_UNUSED_FUNCTION = YES;
				GCC_WARN_UNUSED_VARIABLE = YES;
				IPHONEOS_DEPLOYMENT_TARGET = 9.3;
				MTL_ENABLE_DEBUG_INFO = YES;
				ONLY_ACTIVE_ARCH = YES;
				SDKROOT = iphoneos;
				SWIFT_OPTIMIZATION_LEVEL = "-Onone";
			};
			name = Debug;
		};
		6E9CA3DA1D0CE8AF00F944E7 /* Release */ = {
			isa = XCBuildConfiguration;
			buildSettings = {
				ALWAYS_SEARCH_USER_PATHS = NO;
				CLANG_ANALYZER_NONNULL = YES;
				CLANG_CXX_LANGUAGE_STANDARD = "gnu++0x";
				CLANG_CXX_LIBRARY = "libc++";
				CLANG_ENABLE_MODULES = YES;
				CLANG_ENABLE_OBJC_ARC = YES;
				CLANG_WARN_BOOL_CONVERSION = YES;
				CLANG_WARN_CONSTANT_CONVERSION = YES;
				CLANG_WARN_DIRECT_OBJC_ISA_USAGE = YES_ERROR;
				CLANG_WARN_EMPTY_BODY = YES;
				CLANG_WARN_ENUM_CONVERSION = YES;
				CLANG_WARN_INT_CONVERSION = YES;
				CLANG_WARN_OBJC_ROOT_CLASS = YES_ERROR;
				CLANG_WARN_UNREACHABLE_CODE = YES;
				CLANG_WARN__DUPLICATE_METHOD_MATCH = YES;
				"CODE_SIGN_IDENTITY[sdk=iphoneos*]" = "iPhone Developer";
				COPY_PHASE_STRIP = NO;
				DEBUG_INFORMATION_FORMAT = "dwarf-with-dsym";
				ENABLE_NS_ASSERTIONS = NO;
				ENABLE_STRICT_OBJC_MSGSEND = YES;
				GCC_C_LANGUAGE_STANDARD = gnu99;
				GCC_NO_COMMON_BLOCKS = YES;
				GCC_WARN_64_TO_32_BIT_CONVERSION = YES;
				GCC_WARN_ABOUT_RETURN_TYPE = YES_ERROR;
				GCC_WARN_UNDECLARED_SELECTOR = YES;
				GCC_WARN_UNINITIALIZED_AUTOS = YES_AGGRESSIVE;
				GCC_WARN_UNUSED_FUNCTION = YES;
				GCC_WARN_UNUSED_VARIABLE = YES;
				IPHONEOS_DEPLOYMENT_TARGET = 9.3;
				MTL_ENABLE_DEBUG_INFO = NO;
				SDKROOT = iphoneos;
				VALIDATE_PRODUCT = YES;
			};
			name = Release;
		};
		6E9CA3DC1D0CE8AF00F944E7 /* Debug */ = {
			isa = XCBuildConfiguration;
			buildSettings = {
				ASSETCATALOG_COMPILER_APPICON_NAME = AppIcon;
				INFOPLIST_FILE = playAnimation/Info.plist;
				LD_RUNPATH_SEARCH_PATHS = "$(inherited) @executable_path/Frameworks";
				PRODUCT_BUNDLE_IDENTIFIER = com.MSMedia.playAnimation;
				PRODUCT_NAME = "$(TARGET_NAME)";
			};
			name = Debug;
		};
		6E9CA3DD1D0CE8AF00F944E7 /* Release */ = {
			isa = XCBuildConfiguration;
			buildSettings = {
				ASSETCATALOG_COMPILER_APPICON_NAME = AppIcon;
				INFOPLIST_FILE = playAnimation/Info.plist;
				LD_RUNPATH_SEARCH_PATHS = "$(inherited) @executable_path/Frameworks";
				PRODUCT_BUNDLE_IDENTIFIER = com.MSMedia.playAnimation;
				PRODUCT_NAME = "$(TARGET_NAME)";
			};
			name = Release;
		};
		6E9CA3DF1D0CE8AF00F944E7 /* Debug */ = {
			isa = XCBuildConfiguration;
			buildSettings = {
				BUNDLE_LOADER = "$(TEST_HOST)";
				INFOPLIST_FILE = playAnimationTests/Info.plist;
				LD_RUNPATH_SEARCH_PATHS = "$(inherited) @executable_path/Frameworks @loader_path/Frameworks";
				PRODUCT_BUNDLE_IDENTIFIER = com.MSMedia.playAnimationTests;
				PRODUCT_NAME = "$(TARGET_NAME)";
				TEST_HOST = "$(BUILT_PRODUCTS_DIR)/playAnimation.app/playAnimation";
			};
			name = Debug;
		};
		6E9CA3E01D0CE8AF00F944E7 /* Release */ = {
			isa = XCBuildConfiguration;
			buildSettings = {
				BUNDLE_LOADER = "$(TEST_HOST)";
				INFOPLIST_FILE = playAnimationTests/Info.plist;
				LD_RUNPATH_SEARCH_PATHS = "$(inherited) @executable_path/Frameworks @loader_path/Frameworks";
				PRODUCT_BUNDLE_IDENTIFIER = com.MSMedia.playAnimationTests;
				PRODUCT_NAME = "$(TARGET_NAME)";
				TEST_HOST = "$(BUILT_PRODUCTS_DIR)/playAnimation.app/playAnimation";
			};
			name = Release;
		};
		6E9CA3E21D0CE8AF00F944E7 /* Debug */ = {
			isa = XCBuildConfiguration;
			buildSettings = {
				INFOPLIST_FILE = playAnimationUITests/Info.plist;
				LD_RUNPATH_SEARCH_PATHS = "$(inherited) @executable_path/Frameworks @loader_path/Frameworks";
				PRODUCT_BUNDLE_IDENTIFIER = com.MSMedia.playAnimationUITests;
				PRODUCT_NAME = "$(TARGET_NAME)";
				TEST_TARGET_NAME = playAnimation;
			};
			name = Debug;
		};
		6E9CA3E31D0CE8AF00F944E7 /* Release */ = {
			isa = XCBuildConfiguration;
			buildSettings = {
				INFOPLIST_FILE = playAnimationUITests/Info.plist;
				LD_RUNPATH_SEARCH_PATHS = "$(inherited) @executable_path/Frameworks @loader_path/Frameworks";
				PRODUCT_BUNDLE_IDENTIFIER = com.MSMedia.playAnimationUITests;
				PRODUCT_NAME = "$(TARGET_NAME)";
				TEST_TARGET_NAME = playAnimation;
			};
			name = Release;
		};
/* End XCBuildConfiguration section */

/* Begin XCConfigurationList section */
		6E9CA3AE1D0CE8AF00F944E7 /* Build configuration list for PBXProject "playAnimation" */ = {
			isa = XCConfigurationList;
			buildConfigurations = (
				6E9CA3D91D0CE8AF00F944E7 /* Debug */,
				6E9CA3DA1D0CE8AF00F944E7 /* Release */,
			);
			defaultConfigurationIsVisible = 0;
			defaultConfigurationName = Release;
		};
		6E9CA3DB1D0CE8AF00F944E7 /* Build configuration list for PBXNativeTarget "playAnimation" */ = {
			isa = XCConfigurationList;
			buildConfigurations = (
				6E9CA3DC1D0CE8AF00F944E7 /* Debug */,
				6E9CA3DD1D0CE8AF00F944E7 /* Release */,
			);
			defaultConfigurationIsVisible = 0;
		};
		6E9CA3DE1D0CE8AF00F944E7 /* Build configuration list for PBXNativeTarget "playAnimationTests" */ = {
			isa = XCConfigurationList;
			buildConfigurations = (
				6E9CA3DF1D0CE8AF00F944E7 /* Debug */,
				6E9CA3E01D0CE8AF00F944E7 /* Release */,
			);
			defaultConfigurationIsVisible = 0;
		};
		6E9CA3E11D0CE8AF00F944E7 /* Build configuration list for PBXNativeTarget "playAnimationUITests" */ = {
			isa = XCConfigurationList;
			buildConfigurations = (
				6E9CA3E21D0CE8AF00F944E7 /* Debug */,
				6E9CA3E31D0CE8AF00F944E7 /* Release */,
			);
			defaultConfigurationIsVisible = 0;
		};
/* End XCConfigurationList section */
	};
	rootObject = 6E9CA3AB1D0CE8AF00F944E7 /* Project object */;
}
